
Microsoft Visual Studio Solution File, Format Version 12.00
# Visual Studio 15
VisualStudioVersion = 15.0.27130.2020
MinimumVisualStudioVersion = 10.0.40219.1
Project("{FAE04EC0-301F-11D3-BF4B-00C04F79EFBC}") = "Extensibility", "Extensibility\Extensibility.csproj", "{EB34CA7C-0532-4F04-BD73-0B3CFCC2DF76}"
EndProject
Project("{FAE04EC0-301F-11D3-BF4B-00C04F79EFBC}") = "Tests", "Tests\Tests.csproj", "{3A01A67D-06BB-4C0B-9728-3630DB1F8D93}"
EndProject
Project("{FAE04EC0-301F-11D3-BF4B-00C04F79EFBC}") = "Infrastructure", "Infrastructure\Infrastructure.csproj", "{C3C5ACBF-7700-4E05-9BE6-B7B83390BA1C}"
EndProject
Project("{FAE04EC0-301F-11D3-BF4B-00C04F79EFBC}") = "UnityGame", "UnityGame\UnityGame.csproj", "{97D1769A-686B-4811-8C3B-3A19D17723CE}"
EndProject
Global
	GlobalSection(SolutionConfigurationPlatforms) = preSolution
		Debug|Any CPU = Debug|Any CPU
		Release|Any CPU = Release|Any CPU
	EndGlobalSection
	GlobalSection(ProjectConfigurationPlatforms) = postSolution
		{EB34CA7C-0532-4F04-BD73-0B3CFCC2DF76}.Debug|Any CPU.ActiveCfg = Debug|Any CPU
		{EB34CA7C-0532-4F04-BD73-0B3CFCC2DF76}.Debug|Any CPU.Build.0 = Debug|Any CPU
		{EB34CA7C-0532-4F04-BD73-0B3CFCC2DF76}.Release|Any CPU.ActiveCfg = Release|Any CPU
		{EB34CA7C-0532-4F04-BD73-0B3CFCC2DF76}.Release|Any CPU.Build.0 = Release|Any CPU
		{3A01A67D-06BB-4C0B-9728-3630DB1F8D93}.Debug|Any CPU.ActiveCfg = Debug|Any CPU
		{3A01A67D-06BB-4C0B-9728-3630DB1F8D93}.Debug|Any CPU.Build.0 = Debug|Any CPU
		{3A01A67D-06BB-4C0B-9728-3630DB1F8D93}.Release|Any CPU.ActiveCfg = Release|Any CPU
		{3A01A67D-06BB-4C0B-9728-3630DB1F8D93}.Release|Any CPU.Build.0 = Release|Any CPU
		{C3C5ACBF-7700-4E05-9BE6-B7B83390BA1C}.Debug|Any CPU.ActiveCfg = Debug|Any CPU
		{C3C5ACBF-7700-4E05-9BE6-B7B83390BA1C}.Debug|Any CPU.Build.0 = Debug|Any CPU
		{C3C5ACBF-7700-4E05-9BE6-B7B83390BA1C}.Release|Any CPU.ActiveCfg = Release|Any CPU
		{C3C5ACBF-7700-4E05-9BE6-B7B83390BA1C}.Release|Any CPU.Build.0 = Release|Any CPU
		{97D1769A-686B-4811-8C3B-3A19D17723CE}.Debug|Any CPU.ActiveCfg = Debug|Any CPU
		{97D1769A-686B-4811-8C3B-3A19D17723CE}.Debug|Any CPU.Build.0 = Debug|Any CPU
		{97D1769A-686B-4811-8C3B-3A19D17723CE}.Release|Any CPU.ActiveCfg = Release|Any CPU
		{97D1769A-686B-4811-8C3B-3A19D17723CE}.Release|Any CPU.Build.0 = Release|Any CPU
	EndGlobalSection
	GlobalSection(SolutionProperties) = preSolution
		HideSolutionNode = FALSE
	EndGlobalSection
	GlobalSection(ExtensibilityGlobals) = postSolution
		SolutionGuid = {208104B9-761D-4462-AFD2-F6116EBDDE0B}
	EndGlobalSection
EndGlobal
